
Microsoft Visual Studio Solution File, Format Version 12.00
# Visual Studio Version 17
VisualStudioVersion = 17.4.33110.190
MinimumVisualStudioVersion = 10.0.40219.1
Project("{9A19103F-16F7-4668-BE54-9A1E7A4F7556}") = "FilterTor", "FilterTor\FilterTor.csproj", "{207488E0-6B1A-48D7-AD83-FA5917C88E59}"
EndProject
Project("{2150E333-8FDC-42A3-9474-1A3956D46DE8}") = "SampleApp", "SampleApp", "{4A712D60-97A9-4CD8-AC46-2C095F96523A}"
EndProject
Project("{9A19103F-16F7-4668-BE54-9A1E7A4F7556}") = "SampleApp.Api", "FilterTor.SampleApp\SampleApp.Api\SampleApp.Api.csproj", "{FBBD64A5-4C1E-4F5B-B1FF-3F7110E50CB2}"
EndProject
Project("{9A19103F-16F7-4668-BE54-9A1E7A4F7556}") = "SampleApp.Presentation", "FilterTor.SampleApp\Presentation\SampleApp.Presentation\SampleApp.Presentation.csproj", "{E680519D-28FD-45FB-993C-F0F573B31E13}"
EndProject
Project("{2150E333-8FDC-42A3-9474-1A3956D46DE8}") = "Presentation", "Presentation", "{1FDEB525-54F7-47BF-BA41-0549058103DF}"
EndProject
Project("{2150E333-8FDC-42A3-9474-1A3956D46DE8}") = "Infrastructure", "Infrastructure", "{5E3AA7D9-CF6E-4179-8789-ED4BCFED2515}"
EndProject
Project("{9A19103F-16F7-4668-BE54-9A1E7A4F7556}") = "SampleApp.Persistence.Ef", "FilterTor.SampleApp\Infrastructure\SampleApp.Persistence.Ef\SampleApp.Persistence.Ef.csproj", "{D6DAA4B2-2FA0-4A06-AC04-6BFEA1BF1A82}"
EndProject
Project("{9A19103F-16F7-4668-BE54-9A1E7A4F7556}") = "SampleApp.Messaging.Kafka", "FilterTor.SampleApp\Infrastructure\SampleApp.Messaging.Kafka\SampleApp.Messaging.Kafka.csproj", "{C585918C-38D3-4BE1-904D-428E416240E6}"
EndProject
Project("{9A19103F-16F7-4668-BE54-9A1E7A4F7556}") = "SampleApp.Messaging.Grpc", "FilterTor.SampleApp\Infrastructure\SampleApp.Messaging.Grpc\SampleApp.Messaging.Grpc.csproj", "{3A712541-6B8A-4126-920C-B47BDA013BE3}"
EndProject
Project("{2150E333-8FDC-42A3-9474-1A3956D46DE8}") = "Core", "Core", "{31AE026B-D32C-43C7-89BC-630B3E2777FB}"
EndProject
Project("{9A19103F-16F7-4668-BE54-9A1E7A4F7556}") = "SampleApp.Core", "FilterTor.SampleApp\Core\SampleApp.Core\SampleApp.Core.csproj", "{9065F05D-4C3A-46C9-B75A-7518D937AB31}"
EndProject
Project("{2150E333-8FDC-42A3-9474-1A3956D46DE8}") = "Application", "Application", "{19208824-78CB-40AD-A7AE-913393A86A8B}"
EndProject
Project("{9A19103F-16F7-4668-BE54-9A1E7A4F7556}") = "SampleApp.Application", "FilterTor.SampleApp\Application\SampleApp.Application\SampleApp.Application.csproj", "{B2EE2465-460C-4AF1-ABA6-8385B75522A4}"
EndProject
Project("{9A19103F-16F7-4668-BE54-9A1E7A4F7556}") = "SampleApp.FilterTorEx", "FilterTor.SampleApp\Core\SampleApp.Core.FilterTor\SampleApp.FilterTorEx.csproj", "{9CF8C264-839D-4283-8EB5-C150FB2EA49E}"
EndProject
Project("{2150E333-8FDC-42A3-9474-1A3956D46DE8}") = "Test", "Test", "{38C56B7B-AEA5-41E5-A63D-AEFC0E6D2160}"
EndProject
Project("{9A19103F-16F7-4668-BE54-9A1E7A4F7556}") = "FilterTor.Test", "FilterTor.Test\FilterTor.Test\FilterTor.Test.csproj", "{32639E4D-DD2E-4BDE-83D3-9042CA64D00F}"
EndProject
Project("{2150E333-8FDC-42A3-9474-1A3956D46DE8}") = "Solution Items", "Solution Items", "{0BDB8CED-56F2-4B38-AAA8-42DD4054CA0E}"
	ProjectSection(SolutionItems) = preProject
		README.md = README.md
	EndProjectSection
EndProject
Global
	GlobalSection(SolutionConfigurationPlatforms) = preSolution
		Debug|Any CPU = Debug|Any CPU
		Release|Any CPU = Release|Any CPU
	EndGlobalSection
	GlobalSection(ProjectConfigurationPlatforms) = postSolution
		{207488E0-6B1A-48D7-AD83-FA5917C88E59}.Debug|Any CPU.ActiveCfg = Debug|Any CPU
		{207488E0-6B1A-48D7-AD83-FA5917C88E59}.Debug|Any CPU.Build.0 = Debug|Any CPU
		{207488E0-6B1A-48D7-AD83-FA5917C88E59}.Release|Any CPU.ActiveCfg = Release|Any CPU
		{207488E0-6B1A-48D7-AD83-FA5917C88E59}.Release|Any CPU.Build.0 = Release|Any CPU
		{FBBD64A5-4C1E-4F5B-B1FF-3F7110E50CB2}.Debug|Any CPU.ActiveCfg = Debug|Any CPU
		{FBBD64A5-4C1E-4F5B-B1FF-3F7110E50CB2}.Debug|Any CPU.Build.0 = Debug|Any CPU
		{FBBD64A5-4C1E-4F5B-B1FF-3F7110E50CB2}.Release|Any CPU.ActiveCfg = Release|Any CPU
		{FBBD64A5-4C1E-4F5B-B1FF-3F7110E50CB2}.Release|Any CPU.Build.0 = Release|Any CPU
		{E680519D-28FD-45FB-993C-F0F573B31E13}.Debug|Any CPU.ActiveCfg = Debug|Any CPU
		{E680519D-28FD-45FB-993C-F0F573B31E13}.Debug|Any CPU.Build.0 = Debug|Any CPU
		{E680519D-28FD-45FB-993C-F0F573B31E13}.Release|Any CPU.ActiveCfg = Release|Any CPU
		{E680519D-28FD-45FB-993C-F0F573B31E13}.Release|Any CPU.Build.0 = Release|Any CPU
		{D6DAA4B2-2FA0-4A06-AC04-6BFEA1BF1A82}.Debug|Any CPU.ActiveCfg = Debug|Any CPU
		{D6DAA4B2-2FA0-4A06-AC04-6BFEA1BF1A82}.Debug|Any CPU.Build.0 = Debug|Any CPU
		{D6DAA4B2-2FA0-4A06-AC04-6BFEA1BF1A82}.Release|Any CPU.ActiveCfg = Release|Any CPU
		{D6DAA4B2-2FA0-4A06-AC04-6BFEA1BF1A82}.Release|Any CPU.Build.0 = Release|Any CPU
		{C585918C-38D3-4BE1-904D-428E416240E6}.Debug|Any CPU.ActiveCfg = Debug|Any CPU
		{C585918C-38D3-4BE1-904D-428E416240E6}.Debug|Any CPU.Build.0 = Debug|Any CPU
		{C585918C-38D3-4BE1-904D-428E416240E6}.Release|Any CPU.ActiveCfg = Release|Any CPU
		{C585918C-38D3-4BE1-904D-428E416240E6}.Release|Any CPU.Build.0 = Release|Any CPU
		{3A712541-6B8A-4126-920C-B47BDA013BE3}.Debug|Any CPU.ActiveCfg = Debug|Any CPU
		{3A712541-6B8A-4126-920C-B47BDA013BE3}.Debug|Any CPU.Build.0 = Debug|Any CPU
		{3A712541-6B8A-4126-920C-B47BDA013BE3}.Release|Any CPU.ActiveCfg = Release|Any CPU
		{3A712541-6B8A-4126-920C-B47BDA013BE3}.Release|Any CPU.Build.0 = Release|Any CPU
		{9065F05D-4C3A-46C9-B75A-7518D937AB31}.Debug|Any CPU.ActiveCfg = Debug|Any CPU
		{9065F05D-4C3A-46C9-B75A-7518D937AB31}.Debug|Any CPU.Build.0 = Debug|Any CPU
		{9065F05D-4C3A-46C9-B75A-7518D937AB31}.Release|Any CPU.ActiveCfg = Release|Any CPU
		{9065F05D-4C3A-46C9-B75A-7518D937AB31}.Release|Any CPU.Build.0 = Release|Any CPU
		{B2EE2465-460C-4AF1-ABA6-8385B75522A4}.Debug|Any CPU.ActiveCfg = Debug|Any CPU
		{B2EE2465-460C-4AF1-ABA6-8385B75522A4}.Debug|Any CPU.Build.0 = Debug|Any CPU
		{B2EE2465-460C-4AF1-ABA6-8385B75522A4}.Release|Any CPU.ActiveCfg = Release|Any CPU
		{B2EE2465-460C-4AF1-ABA6-8385B75522A4}.Release|Any CPU.Build.0 = Release|Any CPU
		{9CF8C264-839D-4283-8EB5-C150FB2EA49E}.Debug|Any CPU.ActiveCfg = Debug|Any CPU
		{9CF8C264-839D-4283-8EB5-C150FB2EA49E}.Debug|Any CPU.Build.0 = Debug|Any CPU
		{9CF8C264-839D-4283-8EB5-C150FB2EA49E}.Release|Any CPU.ActiveCfg = Release|Any CPU
		{9CF8C264-839D-4283-8EB5-C150FB2EA49E}.Release|Any CPU.Build.0 = Release|Any CPU
		{32639E4D-DD2E-4BDE-83D3-9042CA64D00F}.Debug|Any CPU.ActiveCfg = Debug|Any CPU
		{32639E4D-DD2E-4BDE-83D3-9042CA64D00F}.Debug|Any CPU.Build.0 = Debug|Any CPU
		{32639E4D-DD2E-4BDE-83D3-9042CA64D00F}.Release|Any CPU.ActiveCfg = Release|Any CPU
		{32639E4D-DD2E-4BDE-83D3-9042CA64D00F}.Release|Any CPU.Build.0 = Release|Any CPU
	EndGlobalSection
	GlobalSection(SolutionProperties) = preSolution
		HideSolutionNode = FALSE
	EndGlobalSection
	GlobalSection(NestedProjects) = preSolution
		{FBBD64A5-4C1E-4F5B-B1FF-3F7110E50CB2} = {4A712D60-97A9-4CD8-AC46-2C095F96523A}
		{E680519D-28FD-45FB-993C-F0F573B31E13} = {1FDEB525-54F7-47BF-BA41-0549058103DF}
		{1FDEB525-54F7-47BF-BA41-0549058103DF} = {4A712D60-97A9-4CD8-AC46-2C095F96523A}
		{5E3AA7D9-CF6E-4179-8789-ED4BCFED2515} = {4A712D60-97A9-4CD8-AC46-2C095F96523A}
		{D6DAA4B2-2FA0-4A06-AC04-6BFEA1BF1A82} = {5E3AA7D9-CF6E-4179-8789-ED4BCFED2515}
		{C585918C-38D3-4BE1-904D-428E416240E6} = {5E3AA7D9-CF6E-4179-8789-ED4BCFED2515}
		{3A712541-6B8A-4126-920C-B47BDA013BE3} = {5E3AA7D9-CF6E-4179-8789-ED4BCFED2515}
		{31AE026B-D32C-43C7-89BC-630B3E2777FB} = {4A712D60-97A9-4CD8-AC46-2C095F96523A}
		{9065F05D-4C3A-46C9-B75A-7518D937AB31} = {31AE026B-D32C-43C7-89BC-630B3E2777FB}
		{19208824-78CB-40AD-A7AE-913393A86A8B} = {4A712D60-97A9-4CD8-AC46-2C095F96523A}
		{B2EE2465-460C-4AF1-ABA6-8385B75522A4} = {19208824-78CB-40AD-A7AE-913393A86A8B}
		{9CF8C264-839D-4283-8EB5-C150FB2EA49E} = {31AE026B-D32C-43C7-89BC-630B3E2777FB}
		{32639E4D-DD2E-4BDE-83D3-9042CA64D00F} = {38C56B7B-AEA5-41E5-A63D-AEFC0E6D2160}
	EndGlobalSection
	GlobalSection(ExtensibilityGlobals) = postSolution
		SolutionGuid = {A355CD26-21BC-4580-8819-DEB16BDCCF67}
	EndGlobalSection
EndGlobal
